// !$*UTF8*$!
{
	archiveVersion = 1;
	classes = {
	};
	objectVersion = 46;
	objects = {

/* Begin PBXBuildFile section */
		CCA364C81AA62F5200CA8201 /* AppDelegate.swift in Sources */ = {isa = PBXBuildFile; fileRef = CCA364C71AA62F5200CA8201 /* AppDelegate.swift */; };
		CCA364CB1AA62F5200CA8201 /* ExchangeAGram2.xcdatamodeld in Sources */ = {isa = PBXBuildFile; fileRef = CCA364C91AA62F5200CA8201 /* ExchangeAGram2.xcdatamodeld */; };
		CCA364CD1AA62F5200CA8201 /* ViewController.swift in Sources */ = {isa = PBXBuildFile; fileRef = CCA364CC1AA62F5200CA8201 /* ViewController.swift */; };
		CCA364D01AA62F5200CA8201 /* Main.storyboard in Resources */ = {isa = PBXBuildFile; fileRef = CCA364CE1AA62F5200CA8201 /* Main.storyboard */; };
		CCA364D21AA62F5200CA8201 /* Images.xcassets in Resources */ = {isa = PBXBuildFile; fileRef = CCA364D11AA62F5200CA8201 /* Images.xcassets */; };
		CCA364D51AA62F5200CA8201 /* LaunchScreen.xib in Resources */ = {isa = PBXBuildFile; fileRef = CCA364D31AA62F5200CA8201 /* LaunchScreen.xib */; };
		CCA364E11AA62F5200CA8201 /* ExchangeAGram2Tests.swift in Sources */ = {isa = PBXBuildFile; fileRef = CCA364E01AA62F5200CA8201 /* ExchangeAGram2Tests.swift */; };
/* End PBXBuildFile section */

/* Begin PBXContainerItemProxy section */
		CCA364DB1AA62F5200CA8201 /* PBXContainerItemProxy */ = {
			isa = PBXContainerItemProxy;
			containerPortal = CCA364BA1AA62F5100CA8201 /* Project object */;
			proxyType = 1;
			remoteGlobalIDString = CCA364C11AA62F5200CA8201;
			remoteInfo = ExchangeAGram2;
		};
/* End PBXContainerItemProxy section */

/* Begin PBXFileReference section */
		CCA364C21AA62F5200CA8201 /* ExchangeAGram2.app */ = {isa = PBXFileReference; explicitFileType = wrapper.application; includeInIndex = 0; path = ExchangeAGram2.app; sourceTree = BUILT_PRODUCTS_DIR; };
		CCA364C61AA62F5200CA8201 /* Info.plist */ = {isa = PBXFileReference; lastKnownFileType = text.plist.xml; path = Info.plist; sourceTree = "<group>"; };
		CCA364C71AA62F5200CA8201 /* AppDelegate.swift */ = {isa = PBXFileReference; lastKnownFileType = sourcecode.swift; path = AppDelegate.swift; sourceTree = "<group>"; };
		CCA364CA1AA62F5200CA8201 /* ExchangeAGram2.xcdatamodel */ = {isa = PBXFileReference; lastKnownFileType = wrapper.xcdatamodel; path = ExchangeAGram2.xcdatamodel; sourceTree = "<group>"; };
		CCA364CC1AA62F5200CA8201 /* ViewController.swift */ = {isa = PBXFileReference; lastKnownFileType = sourcecode.swift; path = ViewController.swift; sourceTree = "<group>"; };
		CCA364CF1AA62F5200CA8201 /* Base */ = {isa = PBXFileReference; lastKnownFileType = file.storyboard; name = Base; path = Base.lproj/Main.storyboard; sourceTree = "<group>"; };
		CCA364D11AA62F5200CA8201 /* Images.xcassets */ = {isa = PBXFileReference; lastKnownFileType = folder.assetcatalog; path = Images.xcassets; sourceTree = "<group>"; };
		CCA364D41AA62F5200CA8201 /* Base */ = {isa = PBXFileReference; lastKnownFileType = file.xib; name = Base; path = Base.lproj/LaunchScreen.xib; sourceTree = "<group>"; };
		CCA364DA1AA62F5200CA8201 /* ExchangeAGram2Tests.xctest */ = {isa = PBXFileReference; explicitFileType = wrapper.cfbundle; includeInIndex = 0; path = ExchangeAGram2Tests.xctest; sourceTree = BUILT_PRODUCTS_DIR; };
		CCA364DF1AA62F5200CA8201 /* Info.plist */ = {isa = PBXFileReference; lastKnownFileType = text.plist.xml; path = Info.plist; sourceTree = "<group>"; };
		CCA364E01AA62F5200CA8201 /* ExchangeAGram2Tests.swift */ = {isa = PBXFileReference; lastKnownFileType = sourcecode.swift; path = ExchangeAGram2Tests.swift; sourceTree = "<group>"; };
/* End PBXFileReference section */

/* Begin PBXFrameworksBuildPhase section */
		CCA364BF1AA62F5200CA8201 /* Frameworks */ = {
			isa = PBXFrameworksBuildPhase;
			buildActionMask = 2147483647;
			files = (
			);
			runOnlyForDeploymentPostprocessing = 0;
		};
		CCA364D71AA62F5200CA8201 /* Frameworks */ = {
			isa = PBXFrameworksBuildPhase;
			buildActionMask = 2147483647;
			files = (
			);
			runOnlyForDeploymentPostprocessing = 0;
		};
/* End PBXFrameworksBuildPhase section */

/* Begin PBXGroup section */
		CCA364B91AA62F5100CA8201 = {
			isa = PBXGroup;
			children = (
				CCA364C41AA62F5200CA8201 /* ExchangeAGram2 */,
				CCA364DD1AA62F5200CA8201 /* ExchangeAGram2Tests */,
				CCA364C31AA62F5200CA8201 /* Products */,
			);
			sourceTree = "<group>";
		};
		CCA364C31AA62F5200CA8201 /* Products */ = {
			isa = PBXGroup;
			children = (
				CCA364C21AA62F5200CA8201 /* ExchangeAGram2.app */,
				CCA364DA1AA62F5200CA8201 /* ExchangeAGram2Tests.xctest */,
			);
			name = Products;
			sourceTree = "<group>";
		};
		CCA364C41AA62F5200CA8201 /* ExchangeAGram2 */ = {
			isa = PBXGroup;
			children = (
				CCA364C71AA62F5200CA8201 /* AppDelegate.swift */,
				CCA364CC1AA62F5200CA8201 /* ViewController.swift */,
				CCA364CE1AA62F5200CA8201 /* Main.storyboard */,
				CCA364D11AA62F5200CA8201 /* Images.xcassets */,
				CCA364D31AA62F5200CA8201 /* LaunchScreen.xib */,
				CCA364C91AA62F5200CA8201 /* ExchangeAGram2.xcdatamodeld */,
				CCA364C51AA62F5200CA8201 /* Supporting Files */,
			);
			path = ExchangeAGram2;
			sourceTree = "<group>";
		};
		CCA364C51AA62F5200CA8201 /* Supporting Files */ = {
			isa = PBXGroup;
			children = (
				CCA364C61AA62F5200CA8201 /* Info.plist */,
			);
			name = "Supporting Files";
			sourceTree = "<group>";
		};
		CCA364DD1AA62F5200CA8201 /* ExchangeAGram2Tests */ = {
			isa = PBXGroup;
			children = (
				CCA364E01AA62F5200CA8201 /* ExchangeAGram2Tests.swift */,
				CCA364DE1AA62F5200CA8201 /* Supporting Files */,
			);
			path = ExchangeAGram2Tests;
			sourceTree = "<group>";
		};
		CCA364DE1AA62F5200CA8201 /* Supporting Files */ = {
			isa = PBXGroup;
			children = (
				CCA364DF1AA62F5200CA8201 /* Info.plist */,
			);
			name = "Supporting Files";
			sourceTree = "<group>";
		};
/* End PBXGroup section */

/* Begin PBXNativeTarget section */
		CCA364C11AA62F5200CA8201 /* ExchangeAGram2 */ = {
			isa = PBXNativeTarget;
			buildConfigurationList = CCA364E41AA62F5200CA8201 /* Build configuration list for PBXNativeTarget "ExchangeAGram2" */;
			buildPhases = (
				CCA364BE1AA62F5200CA8201 /* Sources */,
				CCA364BF1AA62F5200CA8201 /* Frameworks */,
				CCA364C01AA62F5200CA8201 /* Resources */,
			);
			buildRules = (
			);
			dependencies = (
			);
			name = ExchangeAGram2;
			productName = ExchangeAGram2;
			productReference = CCA364C21AA62F5200CA8201 /* ExchangeAGram2.app */;
			productType = "com.apple.product-type.application";
		};
		CCA364D91AA62F5200CA8201 /* ExchangeAGram2Tests */ = {
			isa = PBXNativeTarget;
			buildConfigurationList = CCA364E71AA62F5200CA8201 /* Build configuration list for PBXNativeTarget "ExchangeAGram2Tests" */;
			buildPhases = (
				CCA364D61AA62F5200CA8201 /* Sources */,
				CCA364D71AA62F5200CA8201 /* Frameworks */,
				CCA364D81AA62F5200CA8201 /* Resources */,
			);
			buildRules = (
			);
			dependencies = (
				CCA364DC1AA62F5200CA8201 /* PBXTargetDependency */,
			);
			name = ExchangeAGram2Tests;
			productName = ExchangeAGram2Tests;
			productReference = CCA364DA1AA62F5200CA8201 /* ExchangeAGram2Tests.xctest */;
			productType = "com.apple.product-type.bundle.unit-test";
		};
/* End PBXNativeTarget section */

/* Begin PBXProject section */
		CCA364BA1AA62F5100CA8201 /* Project object */ = {
			isa = PBXProject;
			attributes = {
				LastUpgradeCheck = 0610;
				ORGANIZATIONNAME = "Brian Gress";
				TargetAttributes = {
					CCA364C11AA62F5200CA8201 = {
						CreatedOnToolsVersion = 6.1.1;
					};
					CCA364D91AA62F5200CA8201 = {
						CreatedOnToolsVersion = 6.1.1;
						TestTargetID = CCA364C11AA62F5200CA8201;
					};
				};
			};
			buildConfigurationList = CCA364BD1AA62F5100CA8201 /* Build configuration list for PBXProject "ExchangeAGram2" */;
			compatibilityVersion = "Xcode 3.2";
			developmentRegion = English;
			hasScannedForEncodings = 0;
			knownRegions = (
				en,
				Base,
			);
			mainGroup = CCA364B91AA62F5100CA8201;
			productRefGroup = CCA364C31AA62F5200CA8201 /* Products */;
			projectDirPath = "";
			projectRoot = "";
			targets = (
				CCA364C11AA62F5200CA8201 /* ExchangeAGram2 */,
				CCA364D91AA62F5200CA8201 /* ExchangeAGram2Tests */,
			);
		};
/* End PBXProject section */

/* Begin PBXResourcesBuildPhase section */
		CCA364C01AA62F5200CA8201 /* Resources */ = {
			isa = PBXResourcesBuildPhase;
			buildActionMask = 2147483647;
			files = (
				CCA364D01AA62F5200CA8201 /* Main.storyboard in Resources */,
				CCA364D51AA62F5200CA8201 /* LaunchScreen.xib in Resources */,
				CCA364D21AA62F5200CA8201 /* Images.xcassets in Resources */,
			);
			runOnlyForDeploymentPostprocessing = 0;
		};
		CCA364D81AA62F5200CA8201 /* Resources */ = {
			isa = PBXResourcesBuildPhase;
			buildActionMask = 2147483647;
			files = (
			);
			runOnlyForDeploymentPostprocessing = 0;
		};
/* End PBXResourcesBuildPhase section */

/* Begin PBXSourcesBuildPhase section */
		CCA364BE1AA62F5200CA8201 /* Sources */ = {
			isa = PBXSourcesBuildPhase;
			buildActionMask = 2147483647;
			files = (
				CCA364CD1AA62F5200CA8201 /* ViewController.swift in Sources */,
				CCA364CB1AA62F5200CA8201 /* ExchangeAGram2.xcdatamodeld in Sources */,
				CCA364C81AA62F5200CA8201 /* AppDelegate.swift in Sources */,
			);
			runOnlyForDeploymentPostprocessing = 0;
		};
		CCA364D61AA62F5200CA8201 /* Sources */ = {
			isa = PBXSourcesBuildPhase;
			buildActionMask = 2147483647;
			files = (
				CCA364E11AA62F5200CA8201 /* ExchangeAGram2Tests.swift in Sources */,
			);
			runOnlyForDeploymentPostprocessing = 0;
		};
/* End PBXSourcesBuildPhase section */

/* Begin PBXTargetDependency section */
		CCA364DC1AA62F5200CA8201 /* PBXTargetDependency */ = {
			isa = PBXTargetDependency;
			target = CCA364C11AA62F5200CA8201 /* ExchangeAGram2 */;
			targetProxy = CCA364DB1AA62F5200CA8201 /* PBXContainerItemProxy */;
		};
/* End PBXTargetDependency section */

/* Begin PBXVariantGroup section */
		CCA364CE1AA62F5200CA8201 /* Main.storyboard */ = {
			isa = PBXVariantGroup;
			children = (
				CCA364CF1AA62F5200CA8201 /* Base */,
			);
			name = Main.storyboard;
			sourceTree = "<group>";
		};
		CCA364D31AA62F5200CA8201 /* LaunchScreen.xib */ = {
			isa = PBXVariantGroup;
			children = (
				CCA364D41AA62F5200CA8201 /* Base */,
			);
			name = LaunchScreen.xib;
			sourceTree = "<group>";
		};
/* End PBXVariantGroup section */

/* Begin XCBuildConfiguration section */
		CCA364E21AA62F5200CA8201 /* Debug */ = {
			isa = XCBuildConfiguration;
			buildSettings = {
				ALWAYS_SEARCH_USER_PATHS = NO;
				CLANG_CXX_LANGUAGE_STANDARD = "gnu++0x";
				CLANG_CXX_LIBRARY = "libc++";
				CLANG_ENABLE_MODULES = YES;
				CLANG_ENABLE_OBJC_ARC = YES;
				CLANG_WARN_BOOL_CONVERSION = YES;
				CLANG_WARN_CONSTANT_CONVERSION = YES;
				CLANG_WARN_DIRECT_OBJC_ISA_USAGE = YES_ERROR;
				CLANG_WARN_EMPTY_BODY = YES;
				CLANG_WARN_ENUM_CONVERSION = YES;
				CLANG_WARN_INT_CONVERSION = YES;
				CLANG_WARN_OBJC_ROOT_CLASS = YES_ERROR;
				CLANG_WARN_UNREACHABLE_CODE = YES;
				CLANG_WARN__DUPLICATE_METHOD_MATCH = YES;
				"CODE_SIGN_IDENTITY[sdk=iphoneos*]" = "iPhone Developer";
				COPY_PHASE_STRIP = NO;
				ENABLE_STRICT_OBJC_MSGSEND = YES;
				GCC_C_LANGUAGE_STANDARD = gnu99;
				GCC_DYNAMIC_NO_PIC = NO;
				GCC_OPTIMIZATION_LEVEL = 0;
				GCC_PREPROCESSOR_DEFINITIONS = (
					"DEBUG=1",
					"$(inherited)",
				);
				GCC_SYMBOLS_PRIVATE_EXTERN = NO;
				GCC_WARN_64_TO_32_BIT_CONVERSION = YES;
				GCC_WARN_ABOUT_RETURN_TYPE = YES_ERROR;
				GCC_WARN_UNDECLARED_SELECTOR = YES;
				GCC_WARN_UNINITIALIZED_AUTOS = YES_AGGRESSIVE;
				GCC_WARN_UNUSED_FUNCTION = YES;
				GCC_WARN_UNUSED_VARIABLE = YES;
				IPHONEOS_DEPLOYMENT_TARGET = 8.1;
				MTL_ENABLE_DEBUG_INFO = YES;
				ONLY_ACTIVE_ARCH = YES;
				SDKROOT = iphoneos;
				SWIFT_OPTIMIZATION_LEVEL = "-Onone";
				TARGETED_DEVICE_FAMILY = "1,2";
			};
			name = Debug;
		};
		CCA364E31AA62F5200CA8201 /* Release */ = {
			isa = XCBuildConfiguration;
			buildSettings = {
				ALWAYS_SEARCH_USER_PATHS = NO;
				CLANG_CXX_LANGUAGE_STANDARD = "gnu++0x";
				CLANG_CXX_LIBRARY = "libc++";
				CLANG_ENABLE_MODULES = YES;
				CLANG_ENABLE_OBJC_ARC = YES;
				CLANG_WARN_BOOL_CONVERSION = YES;
				CLANG_WARN_CONSTANT_CONVERSION = YES;
				CLANG_WARN_DIRECT_OBJC_ISA_USAGE = YES_ERROR;
				CLANG_WARN_EMPTY_BODY = YES;
				CLANG_WARN_ENUM_CONVERSION = YES;
				CLANG_WARN_INT_CONVERSION = YES;
				CLANG_WARN_OBJC_ROOT_CLASS = YES_ERROR;
				CLANG_WARN_UNREACHABLE_CODE = YES;
				CLANG_WARN__DUPLICATE_METHOD_MATCH = YES;
				"CODE_SIGN_IDENTITY[sdk=iphoneos*]" = "iPhone Developer";
				COPY_PHASE_STRIP = YES;
				ENABLE_NS_ASSERTIONS = NO;
				ENABLE_STRICT_OBJC_MSGSEND = YES;
				GCC_C_LANGUAGE_STANDARD = gnu99;
				GCC_WARN_64_TO_32_BIT_CONVERSION = YES;
				GCC_WARN_ABOUT_RETURN_TYPE = YES_ERROR;
				GCC_WARN_UNDECLARED_SELECTOR = YES;
				GCC_WARN_UNINITIALIZED_AUTOS = YES_AGGRESSIVE;
				GCC_WARN_UNUSED_FUNCTION = YES;
				GCC_WARN_UNUSED_VARIABLE = YES;
				IPHONEOS_DEPLOYMENT_TARGET = 8.1;
				MTL_ENABLE_DEBUG_INFO = NO;
				SDKROOT = iphoneos;
				TARGETED_DEVICE_FAMILY = "1,2";
				VALIDATE_PRODUCT = YES;
			};
			name = Release;
		};
		CCA364E51AA62F5200CA8201 /* Debug */ = {
			isa = XCBuildConfiguration;
			buildSettings = {
				ASSETCATALOG_COMPILER_APPICON_NAME = AppIcon;
				INFOPLIST_FILE = ExchangeAGram2/Info.plist;
				LD_RUNPATH_SEARCH_PATHS = "$(inherited) @executable_path/Frameworks";
				PRODUCT_NAME = "$(TARGET_NAME)";
			};
			name = Debug;
		};
		CCA364E61AA62F5200CA8201 /* Release */ = {
			isa = XCBuildConfiguration;
			buildSettings = {
				ASSETCATALOG_COMPILER_APPICON_NAME = AppIcon;
				INFOPLIST_FILE = ExchangeAGram2/Info.plist;
				LD_RUNPATH_SEARCH_PATHS = "$(inherited) @executable_path/Frameworks";
				PRODUCT_NAME = "$(TARGET_NAME)";
			};
			name = Release;
		};
		CCA364E81AA62F5200CA8201 /* Debug */ = {
			isa = XCBuildConfiguration;
			buildSettings = {
				BUNDLE_LOADER = "$(TEST_HOST)";
				FRAMEWORK_SEARCH_PATHS = (
					"$(SDKROOT)/Developer/Library/Frameworks",
					"$(inherited)",
				);
				GCC_PREPROCESSOR_DEFINITIONS = (
					"DEBUG=1",
					"$(inherited)",
				);
				INFOPLIST_FILE = ExchangeAGram2Tests/Info.plist;
				LD_RUNPATH_SEARCH_PATHS = "$(inherited) @executable_path/Frameworks @loader_path/Frameworks";
				PRODUCT_NAME = "$(TARGET_NAME)";
				TEST_HOST = "$(BUILT_PRODUCTS_DIR)/ExchangeAGram2.app/ExchangeAGram2";
			};
			name = Debug;
		};
		CCA364E91AA62F5200CA8201 /* Release */ = {
			isa = XCBuildConfiguration;
			buildSettings = {
				BUNDLE_LOADER = "$(TEST_HOST)";
				FRAMEWORK_SEARCH_PATHS = (
					"$(SDKROOT)/Developer/Library/Frameworks",
					"$(inherited)",
				);
				INFOPLIST_FILE = ExchangeAGram2Tests/Info.plist;
				LD_RUNPATH_SEARCH_PATHS = "$(inherited) @executable_path/Frameworks @loader_path/Frameworks";
				PRODUCT_NAME = "$(TARGET_NAME)";
				TEST_HOST = "$(BUILT_PRODUCTS_DIR)/ExchangeAGram2.app/ExchangeAGram2";
			};
			name = Release;
		};
/* End XCBuildConfiguration section */

/* Begin XCConfigurationList section */
		CCA364BD1AA62F5100CA8201 /* Build configuration list for PBXProject "ExchangeAGram2" */ = {
			isa = XCConfigurationList;
			buildConfigurations = (
				CCA364E21AA62F5200CA8201 /* Debug */,
				CCA364E31AA62F5200CA8201 /* Release */,
			);
			defaultConfigurationIsVisible = 0;
			defaultConfigurationName = Release;
		};
		CCA364E41AA62F5200CA8201 /* Build configuration list for PBXNativeTarget "ExchangeAGram2" */ = {
			isa = XCConfigurationList;
			buildConfigurations = (
				CCA364E51AA62F5200CA8201 /* Debug */,
				CCA364E61AA62F5200CA8201 /* Release */,
			);
			defaultConfigurationIsVisible = 0;
		};
		CCA364E71AA62F5200CA8201 /* Build configuration list for PBXNativeTarget "ExchangeAGram2Tests" */ = {
			isa = XCConfigurationList;
			buildConfigurations = (
				CCA364E81AA62F5200CA8201 /* Debug */,
				CCA364E91AA62F5200CA8201 /* Release */,
			);
			defaultConfigurationIsVisible = 0;
		};
/* End XCConfigurationList section */

/* Begin XCVersionGroup section */
		CCA364C91AA62F5200CA8201 /* ExchangeAGram2.xcdatamodeld */ = {
			isa = XCVersionGroup;
			children = (
				CCA364CA1AA62F5200CA8201 /* ExchangeAGram2.xcdatamodel */,
			);
			currentVersion = CCA364CA1AA62F5200CA8201 /* ExchangeAGram2.xcdatamodel */;
			path = ExchangeAGram2.xcdatamodeld;
			sourceTree = "<group>";
			versionGroupType = wrapper.xcdatamodel;
		};
/* End XCVersionGroup section */
	};
	rootObject = CCA364BA1AA62F5100CA8201 /* Project object */;
}
